
Microsoft Visual Studio Solution File, Format Version 12.00
# Visual Studio Version 17
VisualStudioVersion = 17.9.34622.214
MinimumVisualStudioVersion = 10.0.40219.1
Project("{FAE04EC0-301F-11D3-BF4B-00C04F79EFBC}") = "Variables and code block", "Variables and code block\Variables and code block.csproj", "{1377EE79-07D8-404D-A444-6487B064FEAF}"
EndProject
Global
	GlobalSection(SolutionConfigurationPlatforms) = preSolution
		Debug|Any CPU = Debug|Any CPU
		Release|Any CPU = Release|Any CPU
	EndGlobalSection
	GlobalSection(ProjectConfigurationPlatforms) = postSolution
		{1377EE79-07D8-404D-A444-6487B064FEAF}.Debug|Any CPU.ActiveCfg = Debug|Any CPU
		{1377EE79-07D8-404D-A444-6487B064FEAF}.Debug|Any CPU.Build.0 = Debug|Any CPU
		{1377EE79-07D8-404D-A444-6487B064FEAF}.Release|Any CPU.ActiveCfg = Release|Any CPU
		{1377EE79-07D8-404D-A444-6487B064FEAF}.Release|Any CPU.Build.0 = Release|Any CPU
	EndGlobalSection
	GlobalSection(SolutionProperties) = preSolution
		HideSolutionNode = FALSE
	EndGlobalSection
	GlobalSection(ExtensibilityGlobals) = postSolution
		SolutionGuid = {B194CD73-FE3F-497D-A8FA-18F3F939C80B}
	EndGlobalSection
EndGlobal
